
Microsoft Visual Studio Solution File, Format Version 12.00
# Visual Studio Version 17
VisualStudioVersion = 17.6.33829.357
MinimumVisualStudioVersion = 10.0.40219.1
Project("{FAE04EC0-301F-11D3-BF4B-00C04F79EFBC}") = "GerenciadorDeAcervos", "GerenciadorDeAcervos.csproj", "{3BF36F7E-D4BC-4D97-A7C4-37E14A97384F}"
EndProject
Global
	GlobalSection(SolutionConfigurationPlatforms) = preSolution
		Debug|Any CPU = Debug|Any CPU
		Release|Any CPU = Release|Any CPU
	EndGlobalSection
	GlobalSection(ProjectConfigurationPlatforms) = postSolution
		{3BF36F7E-D4BC-4D97-A7C4-37E14A97384F}.Debug|Any CPU.ActiveCfg = Debug|Any CPU
		{3BF36F7E-D4BC-4D97-A7C4-37E14A97384F}.Debug|Any CPU.Build.0 = Debug|Any CPU
		{3BF36F7E-D4BC-4D97-A7C4-37E14A97384F}.Release|Any CPU.ActiveCfg = Release|Any CPU
		{3BF36F7E-D4BC-4D97-A7C4-37E14A97384F}.Release|Any CPU.Build.0 = Release|Any CPU
	EndGlobalSection
	GlobalSection(SolutionProperties) = preSolution
		HideSolutionNode = FALSE
	EndGlobalSection
	GlobalSection(ExtensibilityGlobals) = postSolution
		SolutionGuid = {18C6956C-6231-4AAE-9C8A-D9ECD4A40EE6}
	EndGlobalSection
EndGlobal
